# generated by rye
# use `rye lock` or `rye sync` to update this lockfile
#
# last locked with the following flags:
#   pre: false
#   features: []
#   all-features: false
#   with-sources: false

-e file:.
asttokens==2.4.1
    # via stack-data
decorator==5.1.1
    # via ipdb
    # via ipython
exceptiongroup==1.2.2
    # via ipython
executing==2.0.1
    # via stack-data
ipdb==0.13.13
ipython==8.26.0
    # via ipdb
jedi==0.19.1
    # via ipython
markdown-it-py==3.0.0
    # via rich
matplotlib-inline==0.1.7
    # via ipython
mdurl==0.1.2
    # via markdown-it-py
parso==0.8.4
    # via jedi
pexpect==4.9.0
    # via ipython
prompt-toolkit==3.0.47
    # via ipython
ptyprocess==0.7.0
    # via pexpect
pure-eval==0.2.3
    # via stack-data
pygments==2.18.0
    # via ipython
    # via rich
rich==13.7.1
    # via wipeout
six==1.16.0
    # via asttokens
stack-data==0.6.3
    # via ipython
tblib==3.0.0
    # via wipeout
tomli==2.0.1
    # via ipdb
traitlets==5.14.3
    # via ipython
    # via matplotlib-inline
typing-extensions==4.12.2
    # via ipython
wcwidth==0.2.13
    # via prompt-toolkit
